// !$*UTF8*$!
{
	archiveVersion = 1;
	classes = {
	};
	objectVersion = 46;
	objects = {

/* Begin PBXBuildFile section */
		8FBA87E61DFD1E0200A2FC61 /* AppDelegate.swift in Sources */ = {isa = PBXBuildFile; fileRef = 8FBA87E51DFD1E0200A2FC61 /* AppDelegate.swift */; };
		8FBA87E81DFD1E0200A2FC61 /* ViewController.swift in Sources */ = {isa = PBXBuildFile; fileRef = 8FBA87E71DFD1E0200A2FC61 /* ViewController.swift */; };
		8FBA87EB1DFD1E0200A2FC61 /* Main.storyboard in Resources */ = {isa = PBXBuildFile; fileRef = 8FBA87E91DFD1E0200A2FC61 /* Main.storyboard */; };
		8FBA87ED1DFD1E0200A2FC61 /* Assets.xcassets in Resources */ = {isa = PBXBuildFile; fileRef = 8FBA87EC1DFD1E0200A2FC61 /* Assets.xcassets */; };
		8FBA87F01DFD1E0200A2FC61 /* LaunchScreen.storyboard in Resources */ = {isa = PBXBuildFile; fileRef = 8FBA87EE1DFD1E0200A2FC61 /* LaunchScreen.storyboard */; };
		8FBA87FB1DFD1E0300A2FC61 /* For_uploadTests.swift in Sources */ = {isa = PBXBuildFile; fileRef = 8FBA87FA1DFD1E0300A2FC61 /* For_uploadTests.swift */; };
		8FBA88061DFD1E0300A2FC61 /* For_uploadUITests.swift in Sources */ = {isa = PBXBuildFile; fileRef = 8FBA88051DFD1E0300A2FC61 /* For_uploadUITests.swift */; };
/* End PBXBuildFile section */

/* Begin PBXContainerItemProxy section */
		8FBA87F71DFD1E0300A2FC61 /* PBXContainerItemProxy */ = {
			isa = PBXContainerItemProxy;
			containerPortal = 8FBA87DA1DFD1E0200A2FC61 /* Project object */;
			proxyType = 1;
			remoteGlobalIDString = 8FBA87E11DFD1E0200A2FC61;
			remoteInfo = For_upload;
		};
		8FBA88021DFD1E0300A2FC61 /* PBXContainerItemProxy */ = {
			isa = PBXContainerItemProxy;
			containerPortal = 8FBA87DA1DFD1E0200A2FC61 /* Project object */;
			proxyType = 1;
			remoteGlobalIDString = 8FBA87E11DFD1E0200A2FC61;
			remoteInfo = For_upload;
		};
/* End PBXContainerItemProxy section */

/* Begin PBXFileReference section */
		8FBA87E21DFD1E0200A2FC61 /* For_upload.app */ = {isa = PBXFileReference; explicitFileType = wrapper.application; includeInIndex = 0; path = For_upload.app; sourceTree = BUILT_PRODUCTS_DIR; };
		8FBA87E51DFD1E0200A2FC61 /* AppDelegate.swift */ = {isa = PBXFileReference; lastKnownFileType = sourcecode.swift; path = AppDelegate.swift; sourceTree = "<group>"; };
		8FBA87E71DFD1E0200A2FC61 /* ViewController.swift */ = {isa = PBXFileReference; lastKnownFileType = sourcecode.swift; path = ViewController.swift; sourceTree = "<group>"; };
		8FBA87EA1DFD1E0200A2FC61 /* Base */ = {isa = PBXFileReference; lastKnownFileType = file.storyboard; name = Base; path = Base.lproj/Main.storyboard; sourceTree = "<group>"; };
		8FBA87EC1DFD1E0200A2FC61 /* Assets.xcassets */ = {isa = PBXFileReference; lastKnownFileType = folder.assetcatalog; path = Assets.xcassets; sourceTree = "<group>"; };
		8FBA87EF1DFD1E0200A2FC61 /* Base */ = {isa = PBXFileReference; lastKnownFileType = file.storyboard; name = Base; path = Base.lproj/LaunchScreen.storyboard; sourceTree = "<group>"; };
		8FBA87F11DFD1E0200A2FC61 /* Info.plist */ = {isa = PBXFileReference; lastKnownFileType = text.plist.xml; path = Info.plist; sourceTree = "<group>"; };
		8FBA87F61DFD1E0300A2FC61 /* For_uploadTests.xctest */ = {isa = PBXFileReference; explicitFileType = wrapper.cfbundle; includeInIndex = 0; path = For_uploadTests.xctest; sourceTree = BUILT_PRODUCTS_DIR; };
		8FBA87FA1DFD1E0300A2FC61 /* For_uploadTests.swift */ = {isa = PBXFileReference; lastKnownFileType = sourcecode.swift; path = For_uploadTests.swift; sourceTree = "<group>"; };
		8FBA87FC1DFD1E0300A2FC61 /* Info.plist */ = {isa = PBXFileReference; lastKnownFileType = text.plist.xml; path = Info.plist; sourceTree = "<group>"; };
		8FBA88011DFD1E0300A2FC61 /* For_uploadUITests.xctest */ = {isa = PBXFileReference; explicitFileType = wrapper.cfbundle; includeInIndex = 0; path = For_uploadUITests.xctest; sourceTree = BUILT_PRODUCTS_DIR; };
		8FBA88051DFD1E0300A2FC61 /* For_uploadUITests.swift */ = {isa = PBXFileReference; lastKnownFileType = sourcecode.swift; path = For_uploadUITests.swift; sourceTree = "<group>"; };
		8FBA88071DFD1E0300A2FC61 /* Info.plist */ = {isa = PBXFileReference; lastKnownFileType = text.plist.xml; path = Info.plist; sourceTree = "<group>"; };
/* End PBXFileReference section */

/* Begin PBXFrameworksBuildPhase section */
		8FBA87DF1DFD1E0200A2FC61 /* Frameworks */ = {
			isa = PBXFrameworksBuildPhase;
			buildActionMask = 2147483647;
			files = (
			);
			runOnlyForDeploymentPostprocessing = 0;
		};
		8FBA87F31DFD1E0300A2FC61 /* Frameworks */ = {
			isa = PBXFrameworksBuildPhase;
			buildActionMask = 2147483647;
			files = (
			);
			runOnlyForDeploymentPostprocessing = 0;
		};
		8FBA87FE1DFD1E0300A2FC61 /* Frameworks */ = {
			isa = PBXFrameworksBuildPhase;
			buildActionMask = 2147483647;
			files = (
			);
			runOnlyForDeploymentPostprocessing = 0;
		};
/* End PBXFrameworksBuildPhase section */

/* Begin PBXGroup section */
		8FBA87D91DFD1E0200A2FC61 = {
			isa = PBXGroup;
			children = (
				8FBA87E41DFD1E0200A2FC61 /* For_upload */,
				8FBA87F91DFD1E0300A2FC61 /* For_uploadTests */,
				8FBA88041DFD1E0300A2FC61 /* For_uploadUITests */,
				8FBA87E31DFD1E0200A2FC61 /* Products */,
			);
			sourceTree = "<group>";
		};
		8FBA87E31DFD1E0200A2FC61 /* Products */ = {
			isa = PBXGroup;
			children = (
				8FBA87E21DFD1E0200A2FC61 /* For_upload.app */,
				8FBA87F61DFD1E0300A2FC61 /* For_uploadTests.xctest */,
				8FBA88011DFD1E0300A2FC61 /* For_uploadUITests.xctest */,
			);
			name = Products;
			sourceTree = "<group>";
		};
		8FBA87E41DFD1E0200A2FC61 /* For_upload */ = {
			isa = PBXGroup;
			children = (
				8FBA87E51DFD1E0200A2FC61 /* AppDelegate.swift */,
				8FBA87E71DFD1E0200A2FC61 /* ViewController.swift */,
				8FBA87E91DFD1E0200A2FC61 /* Main.storyboard */,
				8FBA87EC1DFD1E0200A2FC61 /* Assets.xcassets */,
				8FBA87EE1DFD1E0200A2FC61 /* LaunchScreen.storyboard */,
				8FBA87F11DFD1E0200A2FC61 /* Info.plist */,
			);
			path = For_upload;
			sourceTree = "<group>";
		};
		8FBA87F91DFD1E0300A2FC61 /* For_uploadTests */ = {
			isa = PBXGroup;
			children = (
				8FBA87FA1DFD1E0300A2FC61 /* For_uploadTests.swift */,
				8FBA87FC1DFD1E0300A2FC61 /* Info.plist */,
			);
			path = For_uploadTests;
			sourceTree = "<group>";
		};
		8FBA88041DFD1E0300A2FC61 /* For_uploadUITests */ = {
			isa = PBXGroup;
			children = (
				8FBA88051DFD1E0300A2FC61 /* For_uploadUITests.swift */,
				8FBA88071DFD1E0300A2FC61 /* Info.plist */,
			);
			path = For_uploadUITests;
			sourceTree = "<group>";
		};
/* End PBXGroup section */

/* Begin PBXNativeTarget section */
		8FBA87E11DFD1E0200A2FC61 /* For_upload */ = {
			isa = PBXNativeTarget;
			buildConfigurationList = 8FBA880A1DFD1E0300A2FC61 /* Build configuration list for PBXNativeTarget "For_upload" */;
			buildPhases = (
				8FBA87DE1DFD1E0200A2FC61 /* Sources */,
				8FBA87DF1DFD1E0200A2FC61 /* Frameworks */,
				8FBA87E01DFD1E0200A2FC61 /* Resources */,
			);
			buildRules = (
			);
			dependencies = (
			);
			name = For_upload;
			productName = For_upload;
			productReference = 8FBA87E21DFD1E0200A2FC61 /* For_upload.app */;
			productType = "com.apple.product-type.application";
		};
		8FBA87F51DFD1E0300A2FC61 /* For_uploadTests */ = {
			isa = PBXNativeTarget;
			buildConfigurationList = 8FBA880D1DFD1E0300A2FC61 /* Build configuration list for PBXNativeTarget "For_uploadTests" */;
			buildPhases = (
				8FBA87F21DFD1E0300A2FC61 /* Sources */,
				8FBA87F31DFD1E0300A2FC61 /* Frameworks */,
				8FBA87F41DFD1E0300A2FC61 /* Resources */,
			);
			buildRules = (
			);
			dependencies = (
				8FBA87F81DFD1E0300A2FC61 /* PBXTargetDependency */,
			);
			name = For_uploadTests;
			productName = For_uploadTests;
			productReference = 8FBA87F61DFD1E0300A2FC61 /* For_uploadTests.xctest */;
			productType = "com.apple.product-type.bundle.unit-test";
		};
		8FBA88001DFD1E0300A2FC61 /* For_uploadUITests */ = {
			isa = PBXNativeTarget;
			buildConfigurationList = 8FBA88101DFD1E0300A2FC61 /* Build configuration list for PBXNativeTarget "For_uploadUITests" */;
			buildPhases = (
				8FBA87FD1DFD1E0300A2FC61 /* Sources */,
				8FBA87FE1DFD1E0300A2FC61 /* Frameworks */,
				8FBA87FF1DFD1E0300A2FC61 /* Resources */,
			);
			buildRules = (
			);
			dependencies = (
				8FBA88031DFD1E0300A2FC61 /* PBXTargetDependency */,
			);
			name = For_uploadUITests;
			productName = For_uploadUITests;
			productReference = 8FBA88011DFD1E0300A2FC61 /* For_uploadUITests.xctest */;
			productType = "com.apple.product-type.bundle.ui-testing";
		};
/* End PBXNativeTarget section */

/* Begin PBXProject section */
		8FBA87DA1DFD1E0200A2FC61 /* Project object */ = {
			isa = PBXProject;
			attributes = {
				LastSwiftUpdateCheck = 0810;
				LastUpgradeCheck = 0810;
				ORGANIZATIONNAME = "Mizuki Shimato";
				TargetAttributes = {
					8FBA87E11DFD1E0200A2FC61 = {
						CreatedOnToolsVersion = 8.1;
						ProvisioningStyle = Automatic;
					};
					8FBA87F51DFD1E0300A2FC61 = {
						CreatedOnToolsVersion = 8.1;
						ProvisioningStyle = Automatic;
						TestTargetID = 8FBA87E11DFD1E0200A2FC61;
					};
					8FBA88001DFD1E0300A2FC61 = {
						CreatedOnToolsVersion = 8.1;
						ProvisioningStyle = Automatic;
						TestTargetID = 8FBA87E11DFD1E0200A2FC61;
					};
				};
			};
			buildConfigurationList = 8FBA87DD1DFD1E0200A2FC61 /* Build configuration list for PBXProject "For_upload" */;
			compatibilityVersion = "Xcode 3.2";
			developmentRegion = English;
			hasScannedForEncodings = 0;
			knownRegions = (
				en,
				Base,
			);
			mainGroup = 8FBA87D91DFD1E0200A2FC61;
			productRefGroup = 8FBA87E31DFD1E0200A2FC61 /* Products */;
			projectDirPath = "";
			projectRoot = "";
			targets = (
				8FBA87E11DFD1E0200A2FC61 /* For_upload */,
				8FBA87F51DFD1E0300A2FC61 /* For_uploadTests */,
				8FBA88001DFD1E0300A2FC61 /* For_uploadUITests */,
			);
		};
/* End PBXProject section */

/* Begin PBXResourcesBuildPhase section */
		8FBA87E01DFD1E0200A2FC61 /* Resources */ = {
			isa = PBXResourcesBuildPhase;
			buildActionMask = 2147483647;
			files = (
				8FBA87F01DFD1E0200A2FC61 /* LaunchScreen.storyboard in Resources */,
				8FBA87ED1DFD1E0200A2FC61 /* Assets.xcassets in Resources */,
				8FBA87EB1DFD1E0200A2FC61 /* Main.storyboard in Resources */,
			);
			runOnlyForDeploymentPostprocessing = 0;
		};
		8FBA87F41DFD1E0300A2FC61 /* Resources */ = {
			isa = PBXResourcesBuildPhase;
			buildActionMask = 2147483647;
			files = (
			);
			runOnlyForDeploymentPostprocessing = 0;
		};
		8FBA87FF1DFD1E0300A2FC61 /* Resources */ = {
			isa = PBXResourcesBuildPhase;
			buildActionMask = 2147483647;
			files = (
			);
			runOnlyForDeploymentPostprocessing = 0;
		};
/* End PBXResourcesBuildPhase section */

/* Begin PBXSourcesBuildPhase section */
		8FBA87DE1DFD1E0200A2FC61 /* Sources */ = {
			isa = PBXSourcesBuildPhase;
			buildActionMask = 2147483647;
			files = (
				8FBA87E81DFD1E0200A2FC61 /* ViewController.swift in Sources */,
				8FBA87E61DFD1E0200A2FC61 /* AppDelegate.swift in Sources */,
			);
			runOnlyForDeploymentPostprocessing = 0;
		};
		8FBA87F21DFD1E0300A2FC61 /* Sources */ = {
			isa = PBXSourcesBuildPhase;
			buildActionMask = 2147483647;
			files = (
				8FBA87FB1DFD1E0300A2FC61 /* For_uploadTests.swift in Sources */,
			);
			runOnlyForDeploymentPostprocessing = 0;
		};
		8FBA87FD1DFD1E0300A2FC61 /* Sources */ = {
			isa = PBXSourcesBuildPhase;
			buildActionMask = 2147483647;
			files = (
				8FBA88061DFD1E0300A2FC61 /* For_uploadUITests.swift in Sources */,
			);
			runOnlyForDeploymentPostprocessing = 0;
		};
/* End PBXSourcesBuildPhase section */

/* Begin PBXTargetDependency section */
		8FBA87F81DFD1E0300A2FC61 /* PBXTargetDependency */ = {
			isa = PBXTargetDependency;
			target = 8FBA87E11DFD1E0200A2FC61 /* For_upload */;
			targetProxy = 8FBA87F71DFD1E0300A2FC61 /* PBXContainerItemProxy */;
		};
		8FBA88031DFD1E0300A2FC61 /* PBXTargetDependency */ = {
			isa = PBXTargetDependency;
			target = 8FBA87E11DFD1E0200A2FC61 /* For_upload */;
			targetProxy = 8FBA88021DFD1E0300A2FC61 /* PBXContainerItemProxy */;
		};
/* End PBXTargetDependency section */

/* Begin PBXVariantGroup section */
		8FBA87E91DFD1E0200A2FC61 /* Main.storyboard */ = {
			isa = PBXVariantGroup;
			children = (
				8FBA87EA1DFD1E0200A2FC61 /* Base */,
			);
			name = Main.storyboard;
			sourceTree = "<group>";
		};
		8FBA87EE1DFD1E0200A2FC61 /* LaunchScreen.storyboard */ = {
			isa = PBXVariantGroup;
			children = (
				8FBA87EF1DFD1E0200A2FC61 /* Base */,
			);
			name = LaunchScreen.storyboard;
			sourceTree = "<group>";
		};
/* End PBXVariantGroup section */

/* Begin XCBuildConfiguration section */
		8FBA88081DFD1E0300A2FC61 /* Debug */ = {
			isa = XCBuildConfiguration;
			buildSettings = {
				ALWAYS_SEARCH_USER_PATHS = NO;
				CLANG_ANALYZER_NONNULL = YES;
				CLANG_CXX_LANGUAGE_STANDARD = "gnu++0x";
				CLANG_CXX_LIBRARY = "libc++";
				CLANG_ENABLE_MODULES = YES;
				CLANG_ENABLE_OBJC_ARC = YES;
				CLANG_WARN_BOOL_CONVERSION = YES;
				CLANG_WARN_CONSTANT_CONVERSION = YES;
				CLANG_WARN_DIRECT_OBJC_ISA_USAGE = YES_ERROR;
				CLANG_WARN_DOCUMENTATION_COMMENTS = YES;
				CLANG_WARN_EMPTY_BODY = YES;
				CLANG_WARN_ENUM_CONVERSION = YES;
				CLANG_WARN_INFINITE_RECURSION = YES;
				CLANG_WARN_INT_CONVERSION = YES;
				CLANG_WARN_OBJC_ROOT_CLASS = YES_ERROR;
				CLANG_WARN_SUSPICIOUS_MOVES = YES;
				CLANG_WARN_UNREACHABLE_CODE = YES;
				CLANG_WARN__DUPLICATE_METHOD_MATCH = YES;
				"CODE_SIGN_IDENTITY[sdk=iphoneos*]" = "iPhone Developer";
				COPY_PHASE_STRIP = NO;
				DEBUG_INFORMATION_FORMAT = dwarf;
				ENABLE_STRICT_OBJC_MSGSEND = YES;
				ENABLE_TESTABILITY = YES;
				GCC_C_LANGUAGE_STANDARD = gnu99;
				GCC_DYNAMIC_NO_PIC = NO;
				GCC_NO_COMMON_BLOCKS = YES;
				GCC_OPTIMIZATION_LEVEL = 0;
				GCC_PREPROCESSOR_DEFINITIONS = (
					"DEBUG=1",
					"$(inherited)",
				);
				GCC_WARN_64_TO_32_BIT_CONVERSION = YES;
				GCC_WARN_ABOUT_RETURN_TYPE = YES_ERROR;
				GCC_WARN_UNDECLARED_SELECTOR = YES;
				GCC_WARN_UNINITIALIZED_AUTOS = YES_AGGRESSIVE;
				GCC_WARN_UNUSED_FUNCTION = YES;
				GCC_WARN_UNUSED_VARIABLE = YES;
				IPHONEOS_DEPLOYMENT_TARGET = 10.1;
				MTL_ENABLE_DEBUG_INFO = YES;
				ONLY_ACTIVE_ARCH = YES;
				SDKROOT = iphoneos;
				SWIFT_ACTIVE_COMPILATION_CONDITIONS = DEBUG;
				SWIFT_OPTIMIZATION_LEVEL = "-Onone";
				TARGETED_DEVICE_FAMILY = "1,2";
			};
			name = Debug;
		};
		8FBA88091DFD1E0300A2FC61 /* Release */ = {
			isa = XCBuildConfiguration;
			buildSettings = {
				ALWAYS_SEARCH_USER_PATHS = NO;
				CLANG_ANALYZER_NONNULL = YES;
				CLANG_CXX_LANGUAGE_STANDARD = "gnu++0x";
				CLANG_CXX_LIBRARY = "libc++";
				CLANG_ENABLE_MODULES = YES;
				CLANG_ENABLE_OBJC_ARC = YES;
				CLANG_WARN_BOOL_CONVERSION = YES;
				CLANG_WARN_CONSTANT_CONVERSION = YES;
				CLANG_WARN_DIRECT_OBJC_ISA_USAGE = YES_ERROR;
				CLANG_WARN_DOCUMENTATION_COMMENTS = YES;
				CLANG_WARN_EMPTY_BODY = YES;
				CLANG_WARN_ENUM_CONVERSION = YES;
				CLANG_WARN_INFINITE_RECURSION = YES;
				CLANG_WARN_INT_CONVERSION = YES;
				CLANG_WARN_OBJC_ROOT_CLASS = YES_ERROR;
				CLANG_WARN_SUSPICIOUS_MOVES = YES;
				CLANG_WARN_UNREACHABLE_CODE = YES;
				CLANG_WARN__DUPLICATE_METHOD_MATCH = YES;
				"CODE_SIGN_IDENTITY[sdk=iphoneos*]" = "iPhone Developer";
				COPY_PHASE_STRIP = NO;
				DEBUG_INFORMATION_FORMAT = "dwarf-with-dsym";
				ENABLE_NS_ASSERTIONS = NO;
				ENABLE_STRICT_OBJC_MSGSEND = YES;
				GCC_C_LANGUAGE_STANDARD = gnu99;
				GCC_NO_COMMON_BLOCKS = YES;
				GCC_WARN_64_TO_32_BIT_CONVERSION = YES;
				GCC_WARN_ABOUT_RETURN_TYPE = YES_ERROR;
				GCC_WARN_UNDECLARED_SELECTOR = YES;
				GCC_WARN_UNINITIALIZED_AUTOS = YES_AGGRESSIVE;
				GCC_WARN_UNUSED_FUNCTION = YES;
				GCC_WARN_UNUSED_VARIABLE = YES;
				IPHONEOS_DEPLOYMENT_TARGET = 10.1;
				MTL_ENABLE_DEBUG_INFO = NO;
				SDKROOT = iphoneos;
				SWIFT_OPTIMIZATION_LEVEL = "-Owholemodule";
				TARGETED_DEVICE_FAMILY = "1,2";
				VALIDATE_PRODUCT = YES;
			};
			name = Release;
		};
		8FBA880B1DFD1E0300A2FC61 /* Debug */ = {
			isa = XCBuildConfiguration;
			buildSettings = {
				ASSETCATALOG_COMPILER_APPICON_NAME = AppIcon;
				INFOPLIST_FILE = For_upload/Info.plist;
				LD_RUNPATH_SEARCH_PATHS = "$(inherited) @executable_path/Frameworks";
				PRODUCT_BUNDLE_IDENTIFIER = "com.mizuki.For-upload";
				PRODUCT_NAME = "$(TARGET_NAME)";
				SWIFT_VERSION = 3.0;
			};
			name = Debug;
		};
		8FBA880C1DFD1E0300A2FC61 /* Release */ = {
			isa = XCBuildConfiguration;
			buildSettings = {
				ASSETCATALOG_COMPILER_APPICON_NAME = AppIcon;
				INFOPLIST_FILE = For_upload/Info.plist;
				LD_RUNPATH_SEARCH_PATHS = "$(inherited) @executable_path/Frameworks";
				PRODUCT_BUNDLE_IDENTIFIER = "com.mizuki.For-upload";
				PRODUCT_NAME = "$(TARGET_NAME)";
				SWIFT_VERSION = 3.0;
			};
			name = Release;
		};
		8FBA880E1DFD1E0300A2FC61 /* Debug */ = {
			isa = XCBuildConfiguration;
			buildSettings = {
				ALWAYS_EMBED_SWIFT_STANDARD_LIBRARIES = YES;
				BUNDLE_LOADER = "$(TEST_HOST)";
				INFOPLIST_FILE = For_uploadTests/Info.plist;
				LD_RUNPATH_SEARCH_PATHS = "$(inherited) @executable_path/Frameworks @loader_path/Frameworks";
				PRODUCT_BUNDLE_IDENTIFIER = "com.mizuki.For-uploadTests";
				PRODUCT_NAME = "$(TARGET_NAME)";
				SWIFT_VERSION = 3.0;
				TEST_HOST = "$(BUILT_PRODUCTS_DIR)/For_upload.app/For_upload";
			};
			name = Debug;
		};
		8FBA880F1DFD1E0300A2FC61 /* Release */ = {
			isa = XCBuildConfiguration;
			buildSettings = {
				ALWAYS_EMBED_SWIFT_STANDARD_LIBRARIES = YES;
				BUNDLE_LOADER = "$(TEST_HOST)";
				INFOPLIST_FILE = For_uploadTests/Info.plist;
				LD_RUNPATH_SEARCH_PATHS = "$(inherited) @executable_path/Frameworks @loader_path/Frameworks";
				PRODUCT_BUNDLE_IDENTIFIER = "com.mizuki.For-uploadTests";
				PRODUCT_NAME = "$(TARGET_NAME)";
				SWIFT_VERSION = 3.0;
				TEST_HOST = "$(BUILT_PRODUCTS_DIR)/For_upload.app/For_upload";
			};
			name = Release;
		};
		8FBA88111DFD1E0300A2FC61 /* Debug */ = {
			isa = XCBuildConfiguration;
			buildSettings = {
				ALWAYS_EMBED_SWIFT_STANDARD_LIBRARIES = YES;
				INFOPLIST_FILE = For_uploadUITests/Info.plist;
				LD_RUNPATH_SEARCH_PATHS = "$(inherited) @executable_path/Frameworks @loader_path/Frameworks";
				PRODUCT_BUNDLE_IDENTIFIER = "com.mizuki.For-uploadUITests";
				PRODUCT_NAME = "$(TARGET_NAME)";
				SWIFT_VERSION = 3.0;
				TEST_TARGET_NAME = For_upload;
			};
			name = Debug;
		};
		8FBA88121DFD1E0300A2FC61 /* Release */ = {
			isa = XCBuildConfiguration;
			buildSettings = {
				ALWAYS_EMBED_SWIFT_STANDARD_LIBRARIES = YES;
				INFOPLIST_FILE = For_uploadUITests/Info.plist;
				LD_RUNPATH_SEARCH_PATHS = "$(inherited) @executable_path/Frameworks @loader_path/Frameworks";
				PRODUCT_BUNDLE_IDENTIFIER = "com.mizuki.For-uploadUITests";
				PRODUCT_NAME = "$(TARGET_NAME)";
				SWIFT_VERSION = 3.0;
				TEST_TARGET_NAME = For_upload;
			};
			name = Release;
		};
/* End XCBuildConfiguration section */

/* Begin XCConfigurationList section */
		8FBA87DD1DFD1E0200A2FC61 /* Build configuration list for PBXProject "For_upload" */ = {
			isa = XCConfigurationList;
			buildConfigurations = (
				8FBA88081DFD1E0300A2FC61 /* Debug */,
				8FBA88091DFD1E0300A2FC61 /* Release */,
			);
			defaultConfigurationIsVisible = 0;
			defaultConfigurationName = Release;
		};
		8FBA880A1DFD1E0300A2FC61 /* Build configuration list for PBXNativeTarget "For_upload" */ = {
			isa = XCConfigurationList;
			buildConfigurations = (
				8FBA880B1DFD1E0300A2FC61 /* Debug */,
				8FBA880C1DFD1E0300A2FC61 /* Release */,
			);
			defaultConfigurationIsVisible = 0;
		};
		8FBA880D1DFD1E0300A2FC61 /* Build configuration list for PBXNativeTarget "For_uploadTests" */ = {
			isa = XCConfigurationList;
			buildConfigurations = (
				8FBA880E1DFD1E0300A2FC61 /* Debug */,
				8FBA880F1DFD1E0300A2FC61 /* Release */,
			);
			defaultConfigurationIsVisible = 0;
		};
		8FBA88101DFD1E0300A2FC61 /* Build configuration list for PBXNativeTarget "For_uploadUITests" */ = {
			isa = XCConfigurationList;
			buildConfigurations = (
				8FBA88111DFD1E0300A2FC61 /* Debug */,
				8FBA88121DFD1E0300A2FC61 /* Release */,
			);
			defaultConfigurationIsVisible = 0;
		};
/* End XCConfigurationList section */
	};
	rootObject = 8FBA87DA1DFD1E0200A2FC61 /* Project object */;
}
